
Microsoft Visual Studio Solution File, Format Version 12.00
# Visual Studio Version 17
VisualStudioVersion = 17.11.35222.181
MinimumVisualStudioVersion = 10.0.40219.1
Project("{FAE04EC0-301F-11D3-BF4B-00C04F79EFBC}") = "buoi8prn", "buoi8prn\buoi8prn.csproj", "{1B256F95-5E7E-456B-B1AD-824FC9486469}"
EndProject
Global
	GlobalSection(SolutionConfigurationPlatforms) = preSolution
		Debug|Any CPU = Debug|Any CPU
		Release|Any CPU = Release|Any CPU
	EndGlobalSection
	GlobalSection(ProjectConfigurationPlatforms) = postSolution
		{1B256F95-5E7E-456B-B1AD-824FC9486469}.Debug|Any CPU.ActiveCfg = Debug|Any CPU
		{1B256F95-5E7E-456B-B1AD-824FC9486469}.Debug|Any CPU.Build.0 = Debug|Any CPU
		{1B256F95-5E7E-456B-B1AD-824FC9486469}.Release|Any CPU.ActiveCfg = Release|Any CPU
		{1B256F95-5E7E-456B-B1AD-824FC9486469}.Release|Any CPU.Build.0 = Release|Any CPU
	EndGlobalSection
	GlobalSection(SolutionProperties) = preSolution
		HideSolutionNode = FALSE
	EndGlobalSection
	GlobalSection(ExtensibilityGlobals) = postSolution
		SolutionGuid = {72617B59-2A37-4B6E-A3BD-D54C8D2E1ECA}
	EndGlobalSection
EndGlobal
